
Microsoft Visual Studio Solution File, Format Version 12.00
Project("{FAE04EC0-301F-11D3-BF4B-00C04F79EFBC}") = "MorphologicalDisambiguation", "MorphologicalDisambiguation\MorphologicalDisambiguation.csproj", "{98E25ED9-1EF0-4A8D-BAB1-A3795490D300}"
EndProject
Project("{FAE04EC0-301F-11D3-BF4B-00C04F79EFBC}") = "Test", "Test\Test.csproj", "{F820A80B-FF16-472B-9E47-1F012FEFB30E}"
EndProject
Global
	GlobalSection(SolutionConfigurationPlatforms) = preSolution
		Debug|Any CPU = Debug|Any CPU
		Release|Any CPU = Release|Any CPU
	EndGlobalSection
	GlobalSection(ProjectConfigurationPlatforms) = postSolution
		{98E25ED9-1EF0-4A8D-BAB1-A3795490D300}.Debug|Any CPU.ActiveCfg = Debug|Any CPU
		{98E25ED9-1EF0-4A8D-BAB1-A3795490D300}.Debug|Any CPU.Build.0 = Debug|Any CPU
		{98E25ED9-1EF0-4A8D-BAB1-A3795490D300}.Release|Any CPU.ActiveCfg = Release|Any CPU
		{98E25ED9-1EF0-4A8D-BAB1-A3795490D300}.Release|Any CPU.Build.0 = Release|Any CPU
		{F820A80B-FF16-472B-9E47-1F012FEFB30E}.Debug|Any CPU.ActiveCfg = Debug|Any CPU
		{F820A80B-FF16-472B-9E47-1F012FEFB30E}.Debug|Any CPU.Build.0 = Debug|Any CPU
		{F820A80B-FF16-472B-9E47-1F012FEFB30E}.Release|Any CPU.ActiveCfg = Release|Any CPU
		{F820A80B-FF16-472B-9E47-1F012FEFB30E}.Release|Any CPU.Build.0 = Release|Any CPU
	EndGlobalSection
EndGlobal
